
Microsoft Visual Studio Solution File, Format Version 12.00
# Visual Studio Version 17
VisualStudioVersion = 17.10.35013.160
MinimumVisualStudioVersion = 10.0.40219.1
Project("{2150E333-8FDC-42A3-9474-1A3956D46DE8}") = "SportsEventApp", "SportsEventApp", "{EA736CCF-D33E-4B98-ABDE-6AAE812A888B}"
EndProject
Project("{9A19103F-16F7-4668-BE54-9A1E7A4F7556}") = "SportsEventApp", "SportsEventApp\SportsEventApp.csproj", "{BAE9DB20-20B3-4126-AB76-EFC0884AF8CD}"
EndProject
Project("{9A19103F-16F7-4668-BE54-9A1E7A4F7556}") = "SportsEvent.Domain", "SportsEvent.Domain\SportsEvent.Domain.csproj", "{E20A6065-A50A-4878-80A0-4F114CAE43A8}"
EndProject
Project("{9A19103F-16F7-4668-BE54-9A1E7A4F7556}") = "SportsEvent.Repository", "SportsEvent.Repository\SportsEvent.Repository.csproj", "{D6B47193-30ED-4D78-9DA9-31D340BA4E45}"
EndProject
Project("{9A19103F-16F7-4668-BE54-9A1E7A4F7556}") = "SportsEvent.Service", "SportsEvent.Service\SportsEvent.Service.csproj", "{E7751923-477B-46C6-A27C-C16FAF237948}"
EndProject
Global
	GlobalSection(SolutionConfigurationPlatforms) = preSolution
		Debug|Any CPU = Debug|Any CPU
		Release|Any CPU = Release|Any CPU
	EndGlobalSection
	GlobalSection(ProjectConfigurationPlatforms) = postSolution
		{BAE9DB20-20B3-4126-AB76-EFC0884AF8CD}.Debug|Any CPU.ActiveCfg = Debug|Any CPU
		{BAE9DB20-20B3-4126-AB76-EFC0884AF8CD}.Debug|Any CPU.Build.0 = Debug|Any CPU
		{BAE9DB20-20B3-4126-AB76-EFC0884AF8CD}.Release|Any CPU.ActiveCfg = Release|Any CPU
		{BAE9DB20-20B3-4126-AB76-EFC0884AF8CD}.Release|Any CPU.Build.0 = Release|Any CPU
		{E20A6065-A50A-4878-80A0-4F114CAE43A8}.Debug|Any CPU.ActiveCfg = Debug|Any CPU
		{E20A6065-A50A-4878-80A0-4F114CAE43A8}.Debug|Any CPU.Build.0 = Debug|Any CPU
		{E20A6065-A50A-4878-80A0-4F114CAE43A8}.Release|Any CPU.ActiveCfg = Release|Any CPU
		{E20A6065-A50A-4878-80A0-4F114CAE43A8}.Release|Any CPU.Build.0 = Release|Any CPU
		{D6B47193-30ED-4D78-9DA9-31D340BA4E45}.Debug|Any CPU.ActiveCfg = Debug|Any CPU
		{D6B47193-30ED-4D78-9DA9-31D340BA4E45}.Debug|Any CPU.Build.0 = Debug|Any CPU
		{D6B47193-30ED-4D78-9DA9-31D340BA4E45}.Release|Any CPU.ActiveCfg = Release|Any CPU
		{D6B47193-30ED-4D78-9DA9-31D340BA4E45}.Release|Any CPU.Build.0 = Release|Any CPU
		{E7751923-477B-46C6-A27C-C16FAF237948}.Debug|Any CPU.ActiveCfg = Debug|Any CPU
		{E7751923-477B-46C6-A27C-C16FAF237948}.Debug|Any CPU.Build.0 = Debug|Any CPU
		{E7751923-477B-46C6-A27C-C16FAF237948}.Release|Any CPU.ActiveCfg = Release|Any CPU
		{E7751923-477B-46C6-A27C-C16FAF237948}.Release|Any CPU.Build.0 = Release|Any CPU
	EndGlobalSection
	GlobalSection(SolutionProperties) = preSolution
		HideSolutionNode = FALSE
	EndGlobalSection
	GlobalSection(NestedProjects) = preSolution
		{BAE9DB20-20B3-4126-AB76-EFC0884AF8CD} = {EA736CCF-D33E-4B98-ABDE-6AAE812A888B}
		{E20A6065-A50A-4878-80A0-4F114CAE43A8} = {EA736CCF-D33E-4B98-ABDE-6AAE812A888B}
		{D6B47193-30ED-4D78-9DA9-31D340BA4E45} = {EA736CCF-D33E-4B98-ABDE-6AAE812A888B}
		{E7751923-477B-46C6-A27C-C16FAF237948} = {EA736CCF-D33E-4B98-ABDE-6AAE812A888B}
	EndGlobalSection
	GlobalSection(ExtensibilityGlobals) = postSolution
		SolutionGuid = {6A6482EA-E549-40C9-B770-B2776F35B7D0}
	EndGlobalSection
EndGlobal
